github.com/Kirizu-Official/windows-camera-go v0.2.0 h1:wF8s6US/me/d5WaBeoHGVKE8mBOl83kKTfMV38YYQ3g=
github.com/Kirizu-Official/windows-camera-go v0.2.0/go.mod h1:zMP4SmblRxD6zQHe4X07CHO4lnNcWo6zeZhQavO2aLQ=
github.com/UserExistsError/conpty v0.1.4 h1:+3FhJhiqhyEJa+K5qaK3/w6w+sN3Nh9O9VbJyBS02to=
github.com/UserExistsError/conpty v0.1.4/go.mod h1:PDglKIkX3O/2xVk0MV9a6bCWxRmPVfxqZoTG/5sSd9I=
github.com/creack/pty v1.1.21 h1:1/QdRyBaHHJP61QkWMXlOIBfsgdDeeKfK8SYVUWJKf0=
github.com/creack/pty v1.1.21/go.mod h1:MOBLtS5ELjhRRrroQr9kyvTxUAFNvYEK993ew/Vr4O4=
github.com/davecgh/go-spew v1.1.0/go.mod h1:J7Y8YcW2NihsgmVo/mv3lAwl/skON4iLHjSsI+c5H38=
github.com/davecgh/go-spew v1.1.1 h1:vj9j/u1bqnvCEfJOwUhtlOARqs3+rkHYY13jYWTU97c=
github.com/davecgh/go-spew v1.1.1/go.mod h1:J7Y8YcW2NihsgmVo/mv3lAwl/skON4iLHjSsI+c5H38=
github.com/gen2brain/malgo v0.11.24 h1:hHcIJVfzWcEDHFdPl5Dl/CUSOjzOleY0zzAV8Kx+imE=
github.com/gen2brain/malgo v0.11.24/go.mod h1:f9TtuN7DVrXMiV/yIceMeWpvanyVzJQMlBecJFVMxww=
github.com/gen2brain/shm v0.1.0 h1:MwPeg+zJQXN0RM9o+HqaSFypNoNEcNpeoGp0BTSx2YY=
github.com/gen2brain/shm v0.1.0/go.mod h1:UgIcVtvmOu+aCJpqJX7GOtiN7X2ct+TKLg4RTxwPIUA=
github.com/gen2brain/x264-go v0.3.1 h1:XFi6y8HM5BCMrP4kR/o711iBU++XNfLOY3PG8Alz2kU=
github.com/gen2brain/x264-go v0.3.1/go.mod h1:+Z4VKXQrUKzbfEv36GyiyjXfixmOp2c820ugsMthW18=
github.com/gen2brain/x264-go/x264c v0.0.0-20241022182000-732e1bdb7da2 h1:aS40m/Q+6z0ID7EVegxnnw3lWHUceGbg0zucbo7335I=
github.com/gen2brain/x264-go/x264c v0.0.0-20241022182000-732e1bdb7da2/go.mod h1:r2t0/BO5YgPRwWQpLYO5iB5FLSj1ArTQc/zmAoAV7sQ=
github.com/gen2brain/x264-go/yuv v0.0.0-20221204084822-82ee2951dea2 h1:lihaRUKRj94EWVZRp1jTmEiIxmvjEiSb9fJl2xftrXY=
github.com/gen2brain/x264-go/yuv v0.0.0-20221204084822-82ee2951dea2/go.mod h1:PzzJntdOaVt4Gc37fNaEXpqmhKkUgd/xqyPMUfx+FQc=
github.com/godbus/dbus/v5 v5.1.0 h1:4KLkAxT3aOY8Li4FRJe/KvhoNFFxo0m6fNuFUO8QJUk=
github.com/godbus/dbus/v5 v5.1.0/go.mod h1:xhWf0FNVPg57R7Z0UbKHbJfkEywrmjJnf7w5xrFpKfA=
github.com/google/uuid v1.6.0 h1:NIvaJDMOsjHA8n1jAhLSgzrAzy1Hgr+hNrb57e+94F0=
github.com/google/uuid v1.6.0/go.mod h1:TIyPZe4MgqvfeYDBFedMoGGpEw/LqOeaOT+nhxU+yHo=
github.com/jezek/xgb v1.1.1 h1:bE/r8ZZtSv7l9gk6nU0mYx51aXrvnyb44892TwSaqS4=
github.com/jezek/xgb v1.1.1/go.mod h1:nrhwO0FX/enq75I7Y7G8iN1ubpSGZEiA3v9e9GyRFlk=
github.com/kbinani/screenshot v0.0.0-20250624051815-089614a94018 h1:NQYgMY188uWrS+E/7xMVpydsI48PMHcc7SfR4OxkDF4=
github.com/kbinani/screenshot v0.0.0-20250624051815-089614a94018/go.mod h1:Pmpz2BLf55auQZ67u3rvyI2vAQvNetkK/4zYUmpauZQ=
github.com/kr/pretty v0.1.0 h1:L/CwN0zerZDmRFUapSPitk6f+Q3+0za1rQkzVuMiMFI=
github.com/kr/pretty v0.1.0/go.mod h1:dAy3ld7l9f0ibDNOQOHHMYYIIbhfbHSm3C4ZsoJORNo=
github.com/kr/text v0.2.0 h1:5Nx0Ya0ZqY2ygV366QzturHI13Jq95ApcVaJBhpS+AY=
github.com/kr/text v0.2.0/go.mod h1:eLer722TekiGuMkidMxC/pM04lWEeraHUUmBw8l2grE=
github.com/lxn/win v0.0.0-20210218163916-a377121e959e h1:H+t6A/QJMbhCSEH5rAuRxh+CtW96g0Or0Fxa9IKr4uc=
github.com/lxn/win v0.0.0-20210218163916-a377121e959e/go.mod h1:KxxjdtRkfNoYDCUP5ryK7XJJNTnpC8atvtmTheChOtk=
github.com/pion/datachannel v1.5.10 h1:ly0Q26K1i6ZkGf42W7D4hQYR90pZwzFOjTq5AuCKk4o=
github.com/pion/datachannel v1.5.10/go.mod h1:p/jJfC9arb29W7WrxyKbepTU20CFgyx5oLo8Rs4Py/M=
github.com/pion/dtls/v3 v3.0.4 h1:44CZekewMzfrn9pmGrj5BNnTMDCFwr+6sLH+cCuLM7U=
github.com/pion/dtls/v3 v3.0.4/go.mod h1:R373CsjxWqNPf6MEkfdy3aSe9niZvL/JaKlGeFphtMg=
github.com/pion/ice/v4 v4.0.3 h1:9s5rI1WKzF5DRqhJ+Id8bls/8PzM7mau0mj1WZb4IXE=
github.com/pion/ice/v4 v4.0.3/go.mod h1:VfHy0beAZ5loDT7BmJ2LtMtC4dbawIkkkejHPRZNB3Y=
github.com/pion/interceptor v0.1.37 h1:aRA8Zpab/wE7/c0O3fh1PqY0AJI3fCSEM5lRWJVorwI=
github.com/pion/interceptor v0.1.37/go.mod h1:JzxbJ4umVTlZAf+/utHzNesY8tmRkM2lVmkS82TTj8Y=
github.com/pion/logging v0.2.2 h1:M9+AIj/+pxNsDfAT64+MAVgJO0rsyLnoJKCqf//DoeY=
github.com/pion/logging v0.2.2/go.mod h1:k0/tDVsRCX2Mb2ZEmTqNa7CWsQPc+YYCB7Q+5pahoms=
github.com/pion/mdns/v2 v2.0.7 h1:c9kM8ewCgjslaAmicYMFQIde2H9/lrZpjBkN8VwoVtM=
github.com/pion/mdns/v2 v2.0.7/go.mod h1:vAdSYNAT0Jy3Ru0zl2YiW3Rm/fJCwIeM0nToenfOJKA=
github.com/pion/randutil v0.1.0 h1:CFG1UdESneORglEsnimhUjf33Rwjubwj6xfiOXBa3mA=
github.com/pion/randutil v0.1.0/go.mod h1:XcJrSMMbbMRhASFVOlj/5hQial/Y8oH/HVo7TBZq+j8=
github.com/pion/rtcp v1.2.15 h1:LZQi2JbdipLOj4eBjK4wlVoQWfrZbh3Q6eHtWtJBZBo=
github.com/pion/rtcp v1.2.15/go.mod h1:jlGuAjHMEXwMUHK78RgX0UmEJFV4zUKOFHR7OP+D3D0=
github.com/pion/rtp v1.8.10 h1:puphjdbjPB+L+NFaVuZ5h6bt1g5q4kFIoI+r5q/g0CU=
github.com/pion/rtp v1.8.10/go.mod h1:8uMBJj32Pa1wwx8Fuv/AsFhn8jsgw+3rUC2PfoBZ8p4=
github.com/pion/sctp v1.8.35 h1:qwtKvNK1Wc5tHMIYgTDJhfZk7vATGVHhXbUDfHbYwzA=
github.com/pion/sctp v1.8.35/go.mod h1:EcXP8zCYVTRy3W9xtOF7wJm1L1aXfKRQzaM33SjQlzg=
github.com/pion/sdp/v3 v3.0.9 h1:pX++dCHoHUwq43kuwf3PyJfHlwIj4hXA7Vrifiq0IJY=
github.com/pion/sdp/v3 v3.0.9/go.mod h1:B5xmvENq5IXJimIO4zfp6LAe1fD9N+kFv+V/1lOdz8M=
github.com/pion/srtp/v3 v3.0.4 h1:2Z6vDVxzrX3UHEgrUyIGM4rRouoC7v+NiF1IHtp9B5M=
github.com/pion/srtp/v3 v3.0.4/go.mod h1:1Jx3FwDoxpRaTh1oRV8A/6G1BnFL+QI82eK4ms8EEJQ=
github.com/pion/stun/v3 v3.0.0 h1:4h1gwhWLWuZWOJIJR9s2ferRO+W3zA/b6ijOI6mKzUw=
github.com/pion/stun/v3 v3.0.0/go.mod h1:HvCN8txt8mwi4FBvS3EmDghW6aQJ24T+y+1TKjB5jyU=
github.com/pion/transport/v3 v3.0.7 h1:iRbMH05BzSNwhILHoBoAPxoB9xQgOaJk+591KC9P1o0=
github.com/pion/transport/v3 v3.0.7/go.mod h1:YleKiTZ4vqNxVwh77Z0zytYi7rXHl7j6uPLGhhz9rwo=
github.com/pion/turn/v4 v4.0.0 h1:qxplo3Rxa9Yg1xXDxxH8xaqcyGUtbHYw4QSCvmFWvhM=
github.com/pion/turn/v4 v4.0.0/go.mod h1:MuPDkm15nYSklKpN8vWJ9W2M0PlyQZqYt1McGuxG7mA=
github.com/pion/webrtc/v4 v4.0.7 h1:aeq78uVnFZd2umXW0O9A2VFQYuS7+BZxWetQvSp2jPo=
github.com/pion/webrtc/v4 v4.0.7/go.mod h1:oFVBBVSHU3vAEwSgnk3BuKCwAUwpDwQhko1EDwyZWbU=
github.com/pixiv/go-libjpeg v0.0.0-20190822045933-3da21a74767d h1:ls+7AYarUlUSetfnN/DKVNcK6W8mQWc6VblmOm4XwX0=
github.com/pixiv/go-libjpeg v0.0.0-20190822045933-3da21a74767d/go.mod h1:DO7ixpslN6XfbWzeNH9vkS5CF2FQUX81B85rYe9zDxU=
github.com/pmezard/go-difflib v1.0.0 h1:4DBwDE0NGyQoBHbLQYPwSUPoCMWR5BEzIk/f1lZbAQM=
github.com/pmezard/go-difflib v1.0.0/go.mod h1:iKH77koFhYxTK1pcRnkKkqfTogsbg7gZNVY4sRDYZ/4=
github.com/stretchr/objx v0.1.0/go.mod h1:HFkY916IF+rwdDfMAkV7OtwuqBVzrE8GR6GFx+wExME=
github.com/stretchr/objx v0.4.0/go.mod h1:YvHI0jy2hoMjB+UWwv71VJQ9isScKT/TqJzVSSt89Yw=
github.com/stretchr/objx v0.5.0/go.mod h1:Yh+to48EsGEfYuaHDzXPcE3xhTkx73EhmCGUpEOglKo=
github.com/stretchr/objx v0.5.2/go.mod h1:FRsXN1f5AsAjCGJKqEizvkpNtU+EGNCLh3NxZ/8L+MA=
github.com/stretchr/testify v1.7.1/go.mod h1:6Fq8oRcR53rry900zMqJjRRixrwX3KX962/h/Wwjteg=
github.com/stretchr/testify v1.8.0/go.mod h1:yNjHg4UonilssWZ8iaSj1OCr/vHnekPRkoO+kdMU+MU=
github.com/stretchr/testify v1.8.4/go.mod h1:sz/lmYIOXD/1dqDmKjjqLyZ2RngseejIcXlSw2iwfAo=
github.com/stretchr/testify v1.9.0/go.mod h1:r2ic/lqez/lEtzL7wO/rwa5dbSLXVDPFyf8C91i36aY=
github.com/stretchr/testify v1.10.0 h1:Xv5erBjTwe/5IxqUQTdXv5kgmIvbHo3QQyRwhJsOfJA=
github.com/stretchr/testify v1.10.0/go.mod h1:r2ic/lqez/lEtzL7wO/rwa5dbSLXVDPFyf8C91i36aY=
github.com/tetratelabs/wazero v1.12.0 h1:DuWcpNu/FzgEXgGBDp8J1Spc+CWOvvtvVyjKlaZopYU=
github.com/tetratelabs/wazero v1.12.0/go.mod h1:LvKtzl2RqO4gyF27BiXU+nKAjcV8f38U+kP/q2vgxh0=
github.com/vmihailenco/msgpack/v5 v5.4.1 h1:cQriyiUvjTwOHg8QZaPihLWeRAAVoCpE00IUPn0Bjt8=
github.com/vmihailenco/msgpack/v5 v5.4.1/go.mod h1:GaZTsDaehaPpQVyxrf5mtQlH+pc21PIudVV/E3rRQok=
github.com/vmihailenco/tagparser/v2 v2.0.0 h1:y09buUbR+b5aycVFQs/g70pqKVZNBmxwAhO7/IwNM9g=
github.com/vmihailenco/tagparser/v2 v2.0.0/go.mod h1:Wri+At7QHww0WTrCBeu4J6bNtoV6mEfg5OIWRZA9qds=
github.com/wlynxg/anet v0.0.5 h1:J3VJGi1gvo0JwZ/P1/Yc/8p63SoW98B5dHkYDmpgvvU=
github.com/wlynxg/anet v0.0.5/go.mod h1:eay5PRQr7fIVAMbTbchTnO9gG65Hg/uYGdc7mguHxoA=
golang.org/x/crypto v0.49.0 h1:+Ng2ULVvLHnJ/ZFEq4KdcDd/cfjrrjjNSXNzxg0Y4U4=
golang.org/x/crypto v0.49.0/go.mod h1:ErX4dUh2UM+CFYiXZRTcMpEcN8b/1gxEuv3nODoYtCA=
golang.org/x/net v0.51.0 h1:94R/GTO7mt3/4wIKpcR5gkGmRLOuE/2hNGeWq/GBIFo=
golang.org/x/net v0.51.0/go.mod h1:aamm+2QF5ogm02fjy5Bb7CQ0WMt1/WVM7FtyaTLlA9Y=
golang.org/x/sys v0.0.0-20201018230417-eeed37f84f13/go.mod h1:h1NjWce9XRLGQEsW7wpKNCjG9DtNlClVuFLEZdDNbEs=
golang.org/x/sys v0.8.0/go.mod h1:oPkhp1MJrh7nUepCBck5+mAzfO9JrbApNNgaTdGDITg=
golang.org/x/sys v0.44.0 h1:ildZl3J4uzeKP07r2F++Op7E9B29JRUy+a27EibtBTQ=
golang.org/x/sys v0.44.0/go.mod h1:4GL1E5IUh+htKOUEOaiffhrAeqysfVGipDYzABqnCmw=
gopkg.in/check.v1 v0.0.0-20161208181325-20d25e280405/go.mod h1:Co6ibVJAznAaIkqp8huTwlJQCZ016jof/cbN4VW5Yz0=
gopkg.in/check.v1 v1.0.0-20190902080502-41f04d3bba15 h1:YR8cESwS4TdDjEe65xsg0ogRM/Nc3DYOhEAlW+xobZo=
gopkg.in/check.v1 v1.0.0-20190902080502-41f04d3bba15/go.mod h1:Co6ibVJAznAaIkqp8huTwlJQCZ016jof/cbN4VW5Yz0=
gopkg.in/yaml.v3 v3.0.0-20200313102051-9f266ea9e77c/go.mod h1:K4uyk7z7BCEPqu6E+C64Yfv1cQ7kz7rIZviUmN+EgEM=
gopkg.in/yaml.v3 v3.0.1 h1:fxVm/GzAzEWqLHuvctI91KS9hhNmmWOoWu0XTYJS7CA=
gopkg.in/yaml.v3 v3.0.1/go.mod h1:K4uyk7z7BCEPqu6E+C64Yfv1cQ7kz7rIZviUmN+EgEM=
nhooyr.io/websocket v1.8.10 h1:mv4p+MnGrLDcPlBoWsvPP7XCzTYMXP9F9eIGoKbgx7Q=
nhooyr.io/websocket v1.8.10/go.mod h1:rN9OFWIUwuxg4fR5tELlYC04bXYowCP9GX47ivo2l+c=
